
Microsoft Visual Studio Solution File, Format Version 10.00
# Visual Studio 2008
Project("{FAE04EC0-301F-11D3-BF4B-00C04F79EFBC}") = "PAE.WebUI", "PAE.WebUI\PAE.WebUI.csproj", "{5294A6D2-365E-4078-907D-2D271D635EB3}"
EndProject
Project("{FAE04EC0-301F-11D3-BF4B-00C04F79EFBC}") = "PAE.Logic", "PAE.Logic\PAE.Logic.csproj", "{0DA9E2C7-DF4D-4ED1-9D20-7F11455DDE01}"
EndProject
Global
	GlobalSection(SolutionConfigurationPlatforms) = preSolution
		Debug|Any CPU = Debug|Any CPU
		Release|Any CPU = Release|Any CPU
	EndGlobalSection
	GlobalSection(ProjectConfigurationPlatforms) = postSolution
		{5294A6D2-365E-4078-907D-2D271D635EB3}.Debug|Any CPU.ActiveCfg = Debug|Any CPU
		{5294A6D2-365E-4078-907D-2D271D635EB3}.Debug|Any CPU.Build.0 = Debug|Any CPU
		{5294A6D2-365E-4078-907D-2D271D635EB3}.Release|Any CPU.ActiveCfg = Release|Any CPU
		{5294A6D2-365E-4078-907D-2D271D635EB3}.Release|Any CPU.Build.0 = Release|Any CPU
		{0DA9E2C7-DF4D-4ED1-9D20-7F11455DDE01}.Debug|Any CPU.ActiveCfg = Debug|Any CPU
		{0DA9E2C7-DF4D-4ED1-9D20-7F11455DDE01}.Debug|Any CPU.Build.0 = Debug|Any CPU
		{0DA9E2C7-DF4D-4ED1-9D20-7F11455DDE01}.Release|Any CPU.ActiveCfg = Release|Any CPU
		{0DA9E2C7-DF4D-4ED1-9D20-7F11455DDE01}.Release|Any CPU.Build.0 = Release|Any CPU
	EndGlobalSection
	GlobalSection(SolutionProperties) = preSolution
		HideSolutionNode = FALSE
	EndGlobalSection
EndGlobal
